
Microsoft Visual Studio Solution File, Format Version 12.00
# Visual Studio Version 16
VisualStudioVersion = 16.0.29806.167
MinimumVisualStudioVersion = 10.0.40219.1
Project("{FAE04EC0-301F-11D3-BF4B-00C04F79EFBC}") = "Gallery", "Gallery\Gallery.csproj", "{593A70D5-416E-427F-86E5-B32A11B3F80A}"
EndProject
Project("{FAE04EC0-301F-11D3-BF4B-00C04F79EFBC}") = "Gallery.Service", "Gallery.Service\Gallery.Service.csproj", "{29825C47-B563-4FE5-93A5-6FCDCC55A23C}"
EndProject
Project("{FAE04EC0-301F-11D3-BF4B-00C04F79EFBC}") = "Gallery.DAL", "Gallery.DAL\Gallery.DAL.csproj", "{92F5610E-65EF-45E1-B50D-843E689381CF}"
EndProject
Project("{9A19103F-16F7-4668-BE54-9A1E7A4F7556}") = "FileStorageProvider", "FileStorageProvider\FileStorageProvider.csproj", "{24336C6D-7B90-4D24-89EB-0A57ABB834B5}"
EndProject
Project("{9A19103F-16F7-4668-BE54-9A1E7A4F7556}") = "FileStorageProvider.NUnitTests", "Tests\FileStorageProvider.NUnitTests\FileStorageProvider.NUnitTests.csproj", "{44696F2A-A8C9-40BE-9B27-9BB376FE9CC9}"
EndProject
Project("{2150E333-8FDC-42A3-9474-1A3956D46DE8}") = "Tests", "Tests", "{F16D7B2D-8444-4440-8D28-CA56AD35BD5C}"
EndProject
Project("{9A19103F-16F7-4668-BE54-9A1E7A4F7556}") = "Gallery.DAL.NUnitTests", "Tests\Gallery.DAL.NUnitTests\Gallery.DAL.NUnitTests.csproj", "{1CF65901-318B-4C94-8656-79C1A87F73F2}"
EndProject
Project("{9A19103F-16F7-4668-BE54-9A1E7A4F7556}") = "Gallery.Service.NUnitTests", "Tests\Gallery.Service.NUnitTests\Gallery.Service.NUnitTests.csproj", "{690B65E6-6DFC-4796-A4E9-02A8D949517D}"
EndProject
Project("{FAE04EC0-301F-11D3-BF4B-00C04F79EFBC}") = "Gallery.Worker", "Gallery.Worker\Gallery.Worker.csproj", "{2E92CECF-6B04-4128-8879-A984821EF4B1}"
EndProject
Project("{FAE04EC0-301F-11D3-BF4B-00C04F79EFBC}") = "Gallery.MessageQueues", "Gallery.MessageQueues\Gallery.MessageQueues.csproj", "{C83EB6AB-429A-4F15-A2C3-57C0644ADFD4}"
EndProject
Global
	GlobalSection(SolutionConfigurationPlatforms) = preSolution
		Debug|Any CPU = Debug|Any CPU
		Release|Any CPU = Release|Any CPU
	EndGlobalSection
	GlobalSection(ProjectConfigurationPlatforms) = postSolution
		{593A70D5-416E-427F-86E5-B32A11B3F80A}.Debug|Any CPU.ActiveCfg = Debug|Any CPU
		{593A70D5-416E-427F-86E5-B32A11B3F80A}.Debug|Any CPU.Build.0 = Debug|Any CPU
		{593A70D5-416E-427F-86E5-B32A11B3F80A}.Release|Any CPU.ActiveCfg = Release|Any CPU
		{593A70D5-416E-427F-86E5-B32A11B3F80A}.Release|Any CPU.Build.0 = Release|Any CPU
		{29825C47-B563-4FE5-93A5-6FCDCC55A23C}.Debug|Any CPU.ActiveCfg = Debug|Any CPU
		{29825C47-B563-4FE5-93A5-6FCDCC55A23C}.Debug|Any CPU.Build.0 = Debug|Any CPU
		{29825C47-B563-4FE5-93A5-6FCDCC55A23C}.Release|Any CPU.ActiveCfg = Release|Any CPU
		{29825C47-B563-4FE5-93A5-6FCDCC55A23C}.Release|Any CPU.Build.0 = Release|Any CPU
		{92F5610E-65EF-45E1-B50D-843E689381CF}.Debug|Any CPU.ActiveCfg = Debug|Any CPU
		{92F5610E-65EF-45E1-B50D-843E689381CF}.Debug|Any CPU.Build.0 = Debug|Any CPU
		{92F5610E-65EF-45E1-B50D-843E689381CF}.Release|Any CPU.ActiveCfg = Release|Any CPU
		{92F5610E-65EF-45E1-B50D-843E689381CF}.Release|Any CPU.Build.0 = Release|Any CPU
		{24336C6D-7B90-4D24-89EB-0A57ABB834B5}.Debug|Any CPU.ActiveCfg = Debug|Any CPU
		{24336C6D-7B90-4D24-89EB-0A57ABB834B5}.Debug|Any CPU.Build.0 = Debug|Any CPU
		{24336C6D-7B90-4D24-89EB-0A57ABB834B5}.Release|Any CPU.ActiveCfg = Release|Any CPU
		{24336C6D-7B90-4D24-89EB-0A57ABB834B5}.Release|Any CPU.Build.0 = Release|Any CPU
		{44696F2A-A8C9-40BE-9B27-9BB376FE9CC9}.Debug|Any CPU.ActiveCfg = Debug|Any CPU
		{44696F2A-A8C9-40BE-9B27-9BB376FE9CC9}.Debug|Any CPU.Build.0 = Debug|Any CPU
		{44696F2A-A8C9-40BE-9B27-9BB376FE9CC9}.Release|Any CPU.ActiveCfg = Release|Any CPU
		{44696F2A-A8C9-40BE-9B27-9BB376FE9CC9}.Release|Any CPU.Build.0 = Release|Any CPU
		{1CF65901-318B-4C94-8656-79C1A87F73F2}.Debug|Any CPU.ActiveCfg = Debug|Any CPU
		{1CF65901-318B-4C94-8656-79C1A87F73F2}.Debug|Any CPU.Build.0 = Debug|Any CPU
		{1CF65901-318B-4C94-8656-79C1A87F73F2}.Release|Any CPU.ActiveCfg = Release|Any CPU
		{1CF65901-318B-4C94-8656-79C1A87F73F2}.Release|Any CPU.Build.0 = Release|Any CPU
		{690B65E6-6DFC-4796-A4E9-02A8D949517D}.Debug|Any CPU.ActiveCfg = Debug|Any CPU
		{690B65E6-6DFC-4796-A4E9-02A8D949517D}.Debug|Any CPU.Build.0 = Debug|Any CPU
		{690B65E6-6DFC-4796-A4E9-02A8D949517D}.Release|Any CPU.ActiveCfg = Release|Any CPU
		{690B65E6-6DFC-4796-A4E9-02A8D949517D}.Release|Any CPU.Build.0 = Release|Any CPU
		{2E92CECF-6B04-4128-8879-A984821EF4B1}.Debug|Any CPU.ActiveCfg = Debug|Any CPU
		{2E92CECF-6B04-4128-8879-A984821EF4B1}.Debug|Any CPU.Build.0 = Debug|Any CPU
		{2E92CECF-6B04-4128-8879-A984821EF4B1}.Release|Any CPU.ActiveCfg = Release|Any CPU
		{2E92CECF-6B04-4128-8879-A984821EF4B1}.Release|Any CPU.Build.0 = Release|Any CPU
		{C83EB6AB-429A-4F15-A2C3-57C0644ADFD4}.Debug|Any CPU.ActiveCfg = Debug|Any CPU
		{C83EB6AB-429A-4F15-A2C3-57C0644ADFD4}.Debug|Any CPU.Build.0 = Debug|Any CPU
		{C83EB6AB-429A-4F15-A2C3-57C0644ADFD4}.Release|Any CPU.ActiveCfg = Release|Any CPU
		{C83EB6AB-429A-4F15-A2C3-57C0644ADFD4}.Release|Any CPU.Build.0 = Release|Any CPU
	EndGlobalSection
	GlobalSection(SolutionProperties) = preSolution
		HideSolutionNode = FALSE
	EndGlobalSection
	GlobalSection(NestedProjects) = preSolution
		{44696F2A-A8C9-40BE-9B27-9BB376FE9CC9} = {F16D7B2D-8444-4440-8D28-CA56AD35BD5C}
		{1CF65901-318B-4C94-8656-79C1A87F73F2} = {F16D7B2D-8444-4440-8D28-CA56AD35BD5C}
		{690B65E6-6DFC-4796-A4E9-02A8D949517D} = {F16D7B2D-8444-4440-8D28-CA56AD35BD5C}
	EndGlobalSection
	GlobalSection(ExtensibilityGlobals) = postSolution
		SolutionGuid = {3D4FB45D-DE33-4A86-9736-0358A36763B7}
	EndGlobalSection
EndGlobal
